
Microsoft Visual Studio Solution File, Format Version 12.00
# Visual Studio Version 17
VisualStudioVersion = 17.14.36717.8 d17.14
MinimumVisualStudioVersion = 10.0.40219.1
Project("{FAE04EC0-301F-11D3-BF4B-00C04F79EFBC}") = "NeedForCrown", "NeedForCrown.csproj", "{80E5CC9D-FD5A-235C-CFF0-E4BED848B48D}"
EndProject
Global
	GlobalSection(SolutionConfigurationPlatforms) = preSolution
		Debug|Any CPU = Debug|Any CPU
		Release|Any CPU = Release|Any CPU
	EndGlobalSection
	GlobalSection(ProjectConfigurationPlatforms) = postSolution
		{80E5CC9D-FD5A-235C-CFF0-E4BED848B48D}.Debug|Any CPU.ActiveCfg = Debug|Any CPU
		{80E5CC9D-FD5A-235C-CFF0-E4BED848B48D}.Debug|Any CPU.Build.0 = Debug|Any CPU
		{80E5CC9D-FD5A-235C-CFF0-E4BED848B48D}.Release|Any CPU.ActiveCfg = Release|Any CPU
		{80E5CC9D-FD5A-235C-CFF0-E4BED848B48D}.Release|Any CPU.Build.0 = Release|Any CPU
	EndGlobalSection
	GlobalSection(SolutionProperties) = preSolution
		HideSolutionNode = FALSE
	EndGlobalSection
	GlobalSection(ExtensibilityGlobals) = postSolution
		SolutionGuid = {3746BA26-87D0-4454-8584-1F2F309A6645}
	EndGlobalSection
EndGlobal
